{
  "originHash" : "cd453b893b6fdf724f787d96a34d147dcdc4779d193a3fad271b179ae9c4bc5f",
  "pins" : [
    {
      "identity" : "swift-argument-parser",
      "kind" : "remoteSourceControl",
      "location" : "https://github.com/apple/swift-argument-parser.git",
      "state" : {
        "revision" : "6a52f3251125d74daf04fcbd5e6f08a75d074382",
        "version" : "1.8.2"
      }
    },
    {
      "identity" : "tmdswift",
      "kind" : "remoteSourceControl",
      "location" : "https://github.com/zonble/TmdSwift.git",
      "state" : {
        "revision" : "4d1ea461558be4cdd878df9e9caba8f9ca38b3c7",
        "version" : "0.1.5"
      }
    }
  ],
  "version" : 3
}
