{
  "originHash" : "fe1715d02465c0555ac33e15102247c7081732107c55285695b41001e78bdfb4",
  "pins" : [
    {
      "identity" : "swift-argument-parser",
      "kind" : "remoteSourceControl",
      "location" : "https://github.com/apple/swift-argument-parser.git",
      "state" : {
        "revision" : "6a52f3251125d74daf04fcbd5e6f08a75d074382",
        "version" : "1.8.2"
      }
    },
    {
      "identity" : "tmdswift",
      "kind" : "remoteSourceControl",
      "location" : "https://github.com/zonble/TmdSwift.git",
      "state" : {
        "revision" : "f39dd35e767df92329e651c6d8c65f41a6330ad7",
        "version" : "0.2.1"
      }
    }
  ],
  "version" : 3
}
