{
  "originHash" : "c4283a9602a448f8a20e3a18c91ce1b558720ed2232489a37420b9f0c82241ae",
  "pins" : [
    {
      "identity" : "swift-argument-parser",
      "kind" : "remoteSourceControl",
      "location" : "https://github.com/apple/swift-argument-parser.git",
      "state" : {
        "revision" : "6a52f3251125d74daf04fcbd5e6f08a75d074382",
        "version" : "1.8.2"
      }
    },
    {
      "identity" : "tmdswift",
      "kind" : "remoteSourceControl",
      "location" : "https://github.com/zonble/TmdSwift.git",
      "state" : {
        "revision" : "3e45c0bc725c8c8b41d6a9996c00df5ba32b6986",
        "version" : "0.1.0"
      }
    }
  ],
  "version" : 3
}
